
Microsoft Visual Studio Solution File, Format Version 12.00
# Visual Studio Version 17
VisualStudioVersion = 17.9.34902.65
MinimumVisualStudioVersion = 10.0.40219.1
Project("{8BC9CEB8-8B4A-11D0-8D11-00A0C91BC942}") = "TestClosingApp", "TestClosingApp.vcxproj", "{DFCC6C3B-F501-4DE1-BB7C-558AAD20D0CE}"
EndProject
Global
	GlobalSection(SolutionConfigurationPlatforms) = preSolution
		Debug|ARM64 = Debug|ARM64
		Debug|x64 = Debug|x64
		Debug|x86 = Debug|x86
		Release|ARM64 = Release|ARM64
		Release|x64 = Release|x64
		Release|x86 = Release|x86
	EndGlobalSection
	GlobalSection(ProjectConfigurationPlatforms) = postSolution
		{DFCC6C3B-F501-4DE1-BB7C-558AAD20D0CE}.Debug|ARM64.ActiveCfg = Debug|ARM64
		{DFCC6C3B-F501-4DE1-BB7C-558AAD20D0CE}.Debug|ARM64.Build.0 = Debug|ARM64
		{DFCC6C3B-F501-4DE1-BB7C-558AAD20D0CE}.Debug|ARM64.Deploy.0 = Debug|ARM64
		{DFCC6C3B-F501-4DE1-BB7C-558AAD20D0CE}.Debug|x64.ActiveCfg = Debug|x64
		{DFCC6C3B-F501-4DE1-BB7C-558AAD20D0CE}.Debug|x64.Build.0 = Debug|x64
		{DFCC6C3B-F501-4DE1-BB7C-558AAD20D0CE}.Debug|x64.Deploy.0 = Debug|x64
		{DFCC6C3B-F501-4DE1-BB7C-558AAD20D0CE}.Debug|x86.ActiveCfg = Debug|Win32
		{DFCC6C3B-F501-4DE1-BB7C-558AAD20D0CE}.Debug|x86.Build.0 = Debug|Win32
		{DFCC6C3B-F501-4DE1-BB7C-558AAD20D0CE}.Debug|x86.Deploy.0 = Debug|Win32
		{DFCC6C3B-F501-4DE1-BB7C-558AAD20D0CE}.Release|ARM64.ActiveCfg = Release|ARM64
		{DFCC6C3B-F501-4DE1-BB7C-558AAD20D0CE}.Release|ARM64.Build.0 = Release|ARM64
		{DFCC6C3B-F501-4DE1-BB7C-558AAD20D0CE}.Release|ARM64.Deploy.0 = Release|ARM64
		{DFCC6C3B-F501-4DE1-BB7C-558AAD20D0CE}.Release|x64.ActiveCfg = Release|x64
		{DFCC6C3B-F501-4DE1-BB7C-558AAD20D0CE}.Release|x64.Build.0 = Release|x64
		{DFCC6C3B-F501-4DE1-BB7C-558AAD20D0CE}.Release|x64.Deploy.0 = Release|x64
		{DFCC6C3B-F501-4DE1-BB7C-558AAD20D0CE}.Release|x86.ActiveCfg = Release|Win32
		{DFCC6C3B-F501-4DE1-BB7C-558AAD20D0CE}.Release|x86.Build.0 = Release|Win32
		{DFCC6C3B-F501-4DE1-BB7C-558AAD20D0CE}.Release|x86.Deploy.0 = Release|Win32
	EndGlobalSection
	GlobalSection(SolutionProperties) = preSolution
		HideSolutionNode = FALSE
	EndGlobalSection
	GlobalSection(ExtensibilityGlobals) = postSolution
		SolutionGuid = {5B3179AE-9ED6-4694-AC12-24FBAA78E050}
	EndGlobalSection
EndGlobal
